
Microsoft Visual Studio Solution File, Format Version 12.00
# Visual Studio Version 17
VisualStudioVersion = 17.5.33627.172
MinimumVisualStudioVersion = 10.0.40219.1
Project("{8BC9CEB8-8B4A-11D0-8D11-00A0C91BC942}") = "3 _ Security System Project", "3 _ Security System Project\3 _ Security System Project.vcxproj", "{506256A7-7420-4C7D-89B3-C5ECA3E77B16}"
EndProject
Global
	GlobalSection(SolutionConfigurationPlatforms) = preSolution
		Debug|x64 = Debug|x64
		Debug|x86 = Debug|x86
		Release|x64 = Release|x64
		Release|x86 = Release|x86
	EndGlobalSection
	GlobalSection(ProjectConfigurationPlatforms) = postSolution
		{506256A7-7420-4C7D-89B3-C5ECA3E77B16}.Debug|x64.ActiveCfg = Debug|x64
		{506256A7-7420-4C7D-89B3-C5ECA3E77B16}.Debug|x64.Build.0 = Debug|x64
		{506256A7-7420-4C7D-89B3-C5ECA3E77B16}.Debug|x86.ActiveCfg = Debug|Win32
		{506256A7-7420-4C7D-89B3-C5ECA3E77B16}.Debug|x86.Build.0 = Debug|Win32
		{506256A7-7420-4C7D-89B3-C5ECA3E77B16}.Release|x64.ActiveCfg = Release|x64
		{506256A7-7420-4C7D-89B3-C5ECA3E77B16}.Release|x64.Build.0 = Release|x64
		{506256A7-7420-4C7D-89B3-C5ECA3E77B16}.Release|x86.ActiveCfg = Release|Win32
		{506256A7-7420-4C7D-89B3-C5ECA3E77B16}.Release|x86.Build.0 = Release|Win32
	EndGlobalSection
	GlobalSection(SolutionProperties) = preSolution
		HideSolutionNode = FALSE
	EndGlobalSection
	GlobalSection(ExtensibilityGlobals) = postSolution
		SolutionGuid = {8A44532E-4747-4641-AD5A-AB9037134325}
	EndGlobalSection
EndGlobal
